
Microsoft Visual Studio Solution File, Format Version 12.00
# Visual Studio Version 16
VisualStudioVersion = 16.0.30816.121
MinimumVisualStudioVersion = 10.0.40219.1
Project("{FAE04EC0-301F-11D3-BF4B-00C04F79EFBC}") = "OnlineShopping", "OnlineShopping\OnlineShopping.csproj", "{A30D1D4B-686B-4DD4-8D1B-E4BD9A5E9644}"
EndProject
Project("{FAE04EC0-301F-11D3-BF4B-00C04F79EFBC}") = "Service", "Service\Service.csproj", "{6B3680F8-078C-4892-B4E9-20FB76C96EF7}"
EndProject
Project("{FAE04EC0-301F-11D3-BF4B-00C04F79EFBC}") = "DBModel", "DBModel\DBModel.csproj", "{412B0425-29D3-4D5A-B329-165A0676D8D1}"
EndProject
Global
	GlobalSection(SolutionConfigurationPlatforms) = preSolution
		Debug|Any CPU = Debug|Any CPU
		Release|Any CPU = Release|Any CPU
	EndGlobalSection
	GlobalSection(ProjectConfigurationPlatforms) = postSolution
		{A30D1D4B-686B-4DD4-8D1B-E4BD9A5E9644}.Debug|Any CPU.ActiveCfg = Debug|Any CPU
		{A30D1D4B-686B-4DD4-8D1B-E4BD9A5E9644}.Debug|Any CPU.Build.0 = Debug|Any CPU
		{A30D1D4B-686B-4DD4-8D1B-E4BD9A5E9644}.Release|Any CPU.ActiveCfg = Release|Any CPU
		{A30D1D4B-686B-4DD4-8D1B-E4BD9A5E9644}.Release|Any CPU.Build.0 = Release|Any CPU
		{6B3680F8-078C-4892-B4E9-20FB76C96EF7}.Debug|Any CPU.ActiveCfg = Debug|Any CPU
		{6B3680F8-078C-4892-B4E9-20FB76C96EF7}.Debug|Any CPU.Build.0 = Debug|Any CPU
		{6B3680F8-078C-4892-B4E9-20FB76C96EF7}.Release|Any CPU.ActiveCfg = Release|Any CPU
		{6B3680F8-078C-4892-B4E9-20FB76C96EF7}.Release|Any CPU.Build.0 = Release|Any CPU
		{412B0425-29D3-4D5A-B329-165A0676D8D1}.Debug|Any CPU.ActiveCfg = Debug|Any CPU
		{412B0425-29D3-4D5A-B329-165A0676D8D1}.Debug|Any CPU.Build.0 = Debug|Any CPU
		{412B0425-29D3-4D5A-B329-165A0676D8D1}.Release|Any CPU.ActiveCfg = Release|Any CPU
		{412B0425-29D3-4D5A-B329-165A0676D8D1}.Release|Any CPU.Build.0 = Release|Any CPU
	EndGlobalSection
	GlobalSection(SolutionProperties) = preSolution
		HideSolutionNode = FALSE
	EndGlobalSection
	GlobalSection(ExtensibilityGlobals) = postSolution
		SolutionGuid = {59940186-272A-4B9F-B8A3-7946FABA1C72}
	EndGlobalSection
EndGlobal
